
Microsoft Visual Studio Solution File, Format Version 12.00
# Visual Studio Version 17
VisualStudioVersion = 17.3.32922.545
MinimumVisualStudioVersion = 10.0.40219.1
Project("{8BC9CEB8-8B4A-11D0-8D11-00A0C91BC942}") = "C3 - Количество каждого числа", "C3 - Количество каждого числа\C3 - Количество каждого числа.vcxproj", "{330E3E2E-CFDB-47FF-AB53-A64FAF1714B4}"
EndProject
Global
	GlobalSection(SolutionConfigurationPlatforms) = preSolution
		Debug|x64 = Debug|x64
		Debug|x86 = Debug|x86
		Release|x64 = Release|x64
		Release|x86 = Release|x86
	EndGlobalSection
	GlobalSection(ProjectConfigurationPlatforms) = postSolution
		{330E3E2E-CFDB-47FF-AB53-A64FAF1714B4}.Debug|x64.ActiveCfg = Debug|x64
		{330E3E2E-CFDB-47FF-AB53-A64FAF1714B4}.Debug|x64.Build.0 = Debug|x64
		{330E3E2E-CFDB-47FF-AB53-A64FAF1714B4}.Debug|x86.ActiveCfg = Debug|Win32
		{330E3E2E-CFDB-47FF-AB53-A64FAF1714B4}.Debug|x86.Build.0 = Debug|Win32
		{330E3E2E-CFDB-47FF-AB53-A64FAF1714B4}.Release|x64.ActiveCfg = Release|x64
		{330E3E2E-CFDB-47FF-AB53-A64FAF1714B4}.Release|x64.Build.0 = Release|x64
		{330E3E2E-CFDB-47FF-AB53-A64FAF1714B4}.Release|x86.ActiveCfg = Release|Win32
		{330E3E2E-CFDB-47FF-AB53-A64FAF1714B4}.Release|x86.Build.0 = Release|Win32
	EndGlobalSection
	GlobalSection(SolutionProperties) = preSolution
		HideSolutionNode = FALSE
	EndGlobalSection
	GlobalSection(ExtensibilityGlobals) = postSolution
		SolutionGuid = {8C12CFC8-4DE3-425D-9181-55C7F0EAB7B7}
	EndGlobalSection
EndGlobal
