
Microsoft Visual Studio Solution File, Format Version 12.00
# Visual Studio Version 17
VisualStudioVersion = 17.3.32922.545
MinimumVisualStudioVersion = 10.0.40219.1
Project("{8BC9CEB8-8B4A-11D0-8D11-00A0C91BC942}") = "0069 - Реверс порядка массива", "0069 - Реверс порядка массива\0069 - Реверс порядка массива.vcxproj", "{A58979D6-6DE4-4056-99A0-4B79617F5B7C}"
EndProject
Global
	GlobalSection(SolutionConfigurationPlatforms) = preSolution
		Debug|x64 = Debug|x64
		Debug|x86 = Debug|x86
		Release|x64 = Release|x64
		Release|x86 = Release|x86
	EndGlobalSection
	GlobalSection(ProjectConfigurationPlatforms) = postSolution
		{A58979D6-6DE4-4056-99A0-4B79617F5B7C}.Debug|x64.ActiveCfg = Debug|x64
		{A58979D6-6DE4-4056-99A0-4B79617F5B7C}.Debug|x64.Build.0 = Debug|x64
		{A58979D6-6DE4-4056-99A0-4B79617F5B7C}.Debug|x86.ActiveCfg = Debug|Win32
		{A58979D6-6DE4-4056-99A0-4B79617F5B7C}.Debug|x86.Build.0 = Debug|Win32
		{A58979D6-6DE4-4056-99A0-4B79617F5B7C}.Release|x64.ActiveCfg = Release|x64
		{A58979D6-6DE4-4056-99A0-4B79617F5B7C}.Release|x64.Build.0 = Release|x64
		{A58979D6-6DE4-4056-99A0-4B79617F5B7C}.Release|x86.ActiveCfg = Release|Win32
		{A58979D6-6DE4-4056-99A0-4B79617F5B7C}.Release|x86.Build.0 = Release|Win32
	EndGlobalSection
	GlobalSection(SolutionProperties) = preSolution
		HideSolutionNode = FALSE
	EndGlobalSection
	GlobalSection(ExtensibilityGlobals) = postSolution
		SolutionGuid = {79793B0B-E1CF-4C61-BB6B-EFDBBE82F4F6}
	EndGlobalSection
EndGlobal
