
Microsoft Visual Studio Solution File, Format Version 12.00
# Visual Studio Version 17
VisualStudioVersion = 17.3.32922.545
MinimumVisualStudioVersion = 10.0.40219.1
Project("{8BC9CEB8-8B4A-11D0-8D11-00A0C91BC942}") = "0253 - Високосный год", "0253 - Високосный год\0253 - Високосный год.vcxproj", "{91FC573D-DF66-4E86-9567-A740D6753E58}"
EndProject
Global
	GlobalSection(SolutionConfigurationPlatforms) = preSolution
		Debug|x64 = Debug|x64
		Debug|x86 = Debug|x86
		Release|x64 = Release|x64
		Release|x86 = Release|x86
	EndGlobalSection
	GlobalSection(ProjectConfigurationPlatforms) = postSolution
		{91FC573D-DF66-4E86-9567-A740D6753E58}.Debug|x64.ActiveCfg = Debug|x64
		{91FC573D-DF66-4E86-9567-A740D6753E58}.Debug|x64.Build.0 = Debug|x64
		{91FC573D-DF66-4E86-9567-A740D6753E58}.Debug|x86.ActiveCfg = Debug|Win32
		{91FC573D-DF66-4E86-9567-A740D6753E58}.Debug|x86.Build.0 = Debug|Win32
		{91FC573D-DF66-4E86-9567-A740D6753E58}.Release|x64.ActiveCfg = Release|x64
		{91FC573D-DF66-4E86-9567-A740D6753E58}.Release|x64.Build.0 = Release|x64
		{91FC573D-DF66-4E86-9567-A740D6753E58}.Release|x86.ActiveCfg = Release|Win32
		{91FC573D-DF66-4E86-9567-A740D6753E58}.Release|x86.Build.0 = Release|Win32
	EndGlobalSection
	GlobalSection(SolutionProperties) = preSolution
		HideSolutionNode = FALSE
	EndGlobalSection
	GlobalSection(ExtensibilityGlobals) = postSolution
		SolutionGuid = {43AB959C-ED55-4471-AA63-85D9C004129D}
	EndGlobalSection
EndGlobal
