
Microsoft Visual Studio Solution File, Format Version 12.00
# Visual Studio Version 17
VisualStudioVersion = 17.3.32922.545
MinimumVisualStudioVersion = 10.0.40219.1
Project("{8BC9CEB8-8B4A-11D0-8D11-00A0C91BC942}") = "0640 - День рождения", "0640 - День рождения\0640 - День рождения.vcxproj", "{1A615CEC-45FE-43DE-8606-1F898D1FF0D4}"
EndProject
Global
	GlobalSection(SolutionConfigurationPlatforms) = preSolution
		Debug|x64 = Debug|x64
		Debug|x86 = Debug|x86
		Release|x64 = Release|x64
		Release|x86 = Release|x86
	EndGlobalSection
	GlobalSection(ProjectConfigurationPlatforms) = postSolution
		{1A615CEC-45FE-43DE-8606-1F898D1FF0D4}.Debug|x64.ActiveCfg = Debug|x64
		{1A615CEC-45FE-43DE-8606-1F898D1FF0D4}.Debug|x64.Build.0 = Debug|x64
		{1A615CEC-45FE-43DE-8606-1F898D1FF0D4}.Debug|x86.ActiveCfg = Debug|Win32
		{1A615CEC-45FE-43DE-8606-1F898D1FF0D4}.Debug|x86.Build.0 = Debug|Win32
		{1A615CEC-45FE-43DE-8606-1F898D1FF0D4}.Release|x64.ActiveCfg = Release|x64
		{1A615CEC-45FE-43DE-8606-1F898D1FF0D4}.Release|x64.Build.0 = Release|x64
		{1A615CEC-45FE-43DE-8606-1F898D1FF0D4}.Release|x86.ActiveCfg = Release|Win32
		{1A615CEC-45FE-43DE-8606-1F898D1FF0D4}.Release|x86.Build.0 = Release|Win32
	EndGlobalSection
	GlobalSection(SolutionProperties) = preSolution
		HideSolutionNode = FALSE
	EndGlobalSection
	GlobalSection(ExtensibilityGlobals) = postSolution
		SolutionGuid = {C589A09C-A1B2-464A-96DE-3DEDED698CEA}
	EndGlobalSection
EndGlobal
