
Microsoft Visual Studio Solution File, Format Version 12.00
# Visual Studio Version 17
VisualStudioVersion = 17.3.32922.545
MinimumVisualStudioVersion = 10.0.40219.1
Project("{8BC9CEB8-8B4A-11D0-8D11-00A0C91BC942}") = "B6 - K-й бит в числе", "B6 - K-й бит в числе\B6 - K-й бит в числе.vcxproj", "{C0DBD6FF-A43F-49CD-BB92-8E73FEB14190}"
EndProject
Global
	GlobalSection(SolutionConfigurationPlatforms) = preSolution
		Debug|x64 = Debug|x64
		Debug|x86 = Debug|x86
		Release|x64 = Release|x64
		Release|x86 = Release|x86
	EndGlobalSection
	GlobalSection(ProjectConfigurationPlatforms) = postSolution
		{C0DBD6FF-A43F-49CD-BB92-8E73FEB14190}.Debug|x64.ActiveCfg = Debug|x64
		{C0DBD6FF-A43F-49CD-BB92-8E73FEB14190}.Debug|x64.Build.0 = Debug|x64
		{C0DBD6FF-A43F-49CD-BB92-8E73FEB14190}.Debug|x86.ActiveCfg = Debug|Win32
		{C0DBD6FF-A43F-49CD-BB92-8E73FEB14190}.Debug|x86.Build.0 = Debug|Win32
		{C0DBD6FF-A43F-49CD-BB92-8E73FEB14190}.Release|x64.ActiveCfg = Release|x64
		{C0DBD6FF-A43F-49CD-BB92-8E73FEB14190}.Release|x64.Build.0 = Release|x64
		{C0DBD6FF-A43F-49CD-BB92-8E73FEB14190}.Release|x86.ActiveCfg = Release|Win32
		{C0DBD6FF-A43F-49CD-BB92-8E73FEB14190}.Release|x86.Build.0 = Release|Win32
	EndGlobalSection
	GlobalSection(SolutionProperties) = preSolution
		HideSolutionNode = FALSE
	EndGlobalSection
	GlobalSection(ExtensibilityGlobals) = postSolution
		SolutionGuid = {99620CB1-17EA-410E-A7C3-1E44D21D0853}
	EndGlobalSection
EndGlobal
